{
  "object": {
    "pins": [
      {
        "package": "SkeletonView",
        "repositoryURL": "https://github.com/Juanpe/SkeletonView.git",
        "state": {
          "branch": null,
          "revision": "138dc8bf82886b1a59d70cc555975e86fb9ce516",
          "version": "1.25.1"
        }
      }
    ]
  },
  "version": 1
}
